#MicroXplorer Configuration settings - do not modify
ADC1.Channel-0\#ChannelRegularConversion=ADC_CHANNEL_6
ADC1.IPParameters=Rank-0\#ChannelRegularConversion,master,Channel-0\#ChannelRegularConversion,SamplingTime-0\#ChannelRegularConversion,NbrOfConversionFlag
ADC1.NbrOfConversionFlag=1
ADC1.Rank-0\#ChannelRegularConversion=1
ADC1.SamplingTime-0\#ChannelRegularConversion=ADC_SAMPLETIME_239CYCLES_5
ADC1.master=1
File.Version=6
GPIO.groupedBy=Group By Peripherals
KeepUserPlacement=false
Mcu.CPN=STM32F103C8T6
Mcu.Family=STM32F1
Mcu.IP0=ADC1
Mcu.IP1=NVIC
Mcu.IP2=RCC
Mcu.IP3=SYS
Mcu.IP4=TIM1
Mcu.IP5=TIM2
Mcu.IP6=TIM3
Mcu.IP7=TIM4
Mcu.IP8=USART1
Mcu.IP9=USART3
Mcu.IPNb=10
Mcu.Name=STM32F103C(8-B)Tx
Mcu.Package=LQFP48
Mcu.Pin0=PD0-OSC_IN
Mcu.Pin1=PD1-OSC_OUT
Mcu.Pin10=PB11
Mcu.Pin11=PB12
Mcu.Pin12=PB13
Mcu.Pin13=PB14
Mcu.Pin14=PB15
Mcu.Pin15=PA8
Mcu.Pin16=PA9
Mcu.Pin17=PA10
Mcu.Pin18=PA11
Mcu.Pin19=PA12
Mcu.Pin2=PA0-WKUP
Mcu.Pin20=PA13
Mcu.Pin21=PA14
Mcu.Pin22=PA15
Mcu.Pin23=PB3
Mcu.Pin24=PB4
Mcu.Pin25=PB5
Mcu.Pin26=PB6
Mcu.Pin27=PB7
Mcu.Pin28=PB8
Mcu.Pin29=PB9
Mcu.Pin3=PA1
Mcu.Pin30=VP_SYS_VS_Systick
Mcu.Pin31=VP_TIM1_VS_ClockSourceINT
Mcu.Pin32=VP_TIM3_VS_ClockSourceINT
Mcu.Pin4=PA4
Mcu.Pin5=PA5
Mcu.Pin6=PA6
Mcu.Pin7=PB0
Mcu.Pin8=PB1
Mcu.Pin9=PB10
Mcu.PinsNb=33
Mcu.ThirdPartyNb=0
Mcu.UserConstants=
Mcu.UserName=STM32F103C8Tx
MxCube.Version=6.5.0
MxDb.Version=DB.6.0.50
NVIC.BusFault_IRQn=true\:0\:0\:false\:false\:true\:false\:false\:true
NVIC.DebugMonitor_IRQn=true\:0\:0\:false\:false\:true\:false\:false\:true
NVIC.EXTI15_10_IRQn=true\:2\:1\:true\:false\:true\:true\:true\:true
NVIC.ForceEnableDMAVector=true
NVIC.HardFault_IRQn=true\:0\:0\:false\:false\:true\:false\:false\:true
NVIC.MemoryManagement_IRQn=true\:0\:0\:false\:false\:true\:false\:false\:true
NVIC.NonMaskableInt_IRQn=true\:0\:0\:false\:false\:true\:false\:false\:true
NVIC.PendSV_IRQn=true\:0\:0\:false\:false\:true\:false\:false\:true
NVIC.PriorityGroup=NVIC_PRIORITYGROUP_2
NVIC.SVCall_IRQn=true\:0\:0\:false\:false\:true\:false\:false\:true
NVIC.SysTick_IRQn=true\:3\:3\:true\:false\:true\:false\:true\:true
NVIC.TIM3_IRQn=true\:1\:1\:true\:false\:true\:true\:true\:true
NVIC.USART3_IRQn=true\:0\:1\:false\:false\:true\:true\:true\:true
NVIC.UsageFault_IRQn=true\:0\:0\:false\:false\:true\:false\:false\:true
PA0-WKUP.GPIOParameters=GPIO_Label
PA0-WKUP.GPIO_Label=encoder_A
PA0-WKUP.Signal=S_TIM2_CH1_ETR
PA1.GPIOParameters=GPIO_Label
PA1.GPIO_Label=encoder_B
PA1.Signal=S_TIM2_CH2
PA10.GPIOParameters=GPIO_Label
PA10.GPIO_Label=usart1_rx
PA10.Mode=Asynchronous
PA10.Signal=USART1_RX
PA11.GPIOParameters=GPIO_Label
PA11.GPIO_Label=PWMB
PA11.Signal=S_TIM1_CH4
PA12.GPIOParameters=GPIO_PuPd,GPIO_Label,GPIO_ModeDefaultEXTI
PA12.GPIO_Label=MPU6050_EXTI
PA12.GPIO_ModeDefaultEXTI=GPIO_MODE_IT_FALLING
PA12.GPIO_PuPd=GPIO_PULLUP
PA12.Locked=true
PA12.Signal=GPXTI12
PA13.Mode=Serial_Wire
PA13.Signal=SYS_JTMS-SWDIO
PA14.Mode=Serial_Wire
PA14.Signal=SYS_JTCK-SWCLK
PA15.GPIOParameters=GPIO_Speed,GPIO_Label
PA15.GPIO_Label=OLED_DC
PA15.GPIO_Speed=GPIO_SPEED_FREQ_MEDIUM
PA15.Locked=true
PA15.Signal=GPIO_Output
PA4.GPIOParameters=GPIO_Speed,PinState,GPIO_PuPd,GPIO_Label,GPIO_ModeDefaultOutputPP
PA4.GPIO_Label=LED
PA4.GPIO_ModeDefaultOutputPP=GPIO_MODE_OUTPUT_PP
PA4.GPIO_PuPd=GPIO_NOPULL
PA4.GPIO_Speed=GPIO_SPEED_FREQ_HIGH
PA4.Locked=true
PA4.PinState=GPIO_PIN_SET
PA4.Signal=GPIO_Output
PA5.GPIOParameters=GPIO_PuPd,GPIO_Label
PA5.GPIO_Label=KEY
PA5.GPIO_PuPd=GPIO_PULLUP
PA5.Locked=true
PA5.Signal=GPIO_Input
PA6.GPIOParameters=GPIO_Label
PA6.GPIO_Label=ADC
PA6.Signal=ADCx_IN6
PA8.GPIOParameters=GPIO_Label
PA8.GPIO_Label=PWMA
PA8.Signal=S_TIM1_CH1
PA9.GPIOParameters=GPIO_Label
PA9.GPIO_Label=usart1_tx
PA9.Mode=Asynchronous
PA9.Signal=USART1_TX
PB0.GPIOParameters=GPIO_Label
PB0.GPIO_Label=ultrasonic_cap
PB0.Signal=S_TIM3_CH3
PB1.GPIOParameters=GPIO_Speed,GPIO_Label
PB1.GPIO_Label=ultrasonic
PB1.GPIO_Speed=GPIO_SPEED_FREQ_HIGH
PB1.Locked=true
PB1.Signal=GPIO_Output
PB10.GPIOParameters=GPIO_Label
PB10.GPIO_Label=usart3_tx
PB10.Mode=Asynchronous
PB10.Signal=USART3_TX
PB11.GPIOParameters=GPIO_Label
PB11.GPIO_Label=usart3_rx
PB11.Mode=Asynchronous
PB11.Signal=USART3_RX
PB12.GPIOParameters=GPIO_Speed,GPIO_Label
PB12.GPIO_Label=BIN2
PB12.GPIO_Speed=GPIO_SPEED_FREQ_HIGH
PB12.Locked=true
PB12.Signal=GPIO_Output
PB13.GPIOParameters=GPIO_Speed,GPIO_Label
PB13.GPIO_Label=BIN1
PB13.GPIO_Speed=GPIO_SPEED_FREQ_HIGH
PB13.Locked=true
PB13.Signal=GPIO_Output
PB14.GPIOParameters=GPIO_Speed,GPIO_Label
PB14.GPIO_Label=AIN1
PB14.GPIO_Speed=GPIO_SPEED_FREQ_HIGH
PB14.Locked=true
PB14.Signal=GPIO_Output
PB15.GPIOParameters=GPIO_Speed,GPIO_Label
PB15.GPIO_Label=AIN2
PB15.GPIO_Speed=GPIO_SPEED_FREQ_HIGH
PB15.Locked=true
PB15.Signal=GPIO_Output
PB3.GPIOParameters=GPIO_Speed,GPIO_Label
PB3.GPIO_Label=OLED_RES
PB3.GPIO_Speed=GPIO_SPEED_FREQ_MEDIUM
PB3.Locked=true
PB3.Signal=GPIO_Output
PB4.GPIOParameters=GPIO_Speed,GPIO_Label
PB4.GPIO_Label=OLED_SDA
PB4.GPIO_Speed=GPIO_SPEED_FREQ_MEDIUM
PB4.Locked=true
PB4.Signal=GPIO_Output
PB5.GPIOParameters=GPIO_Speed,GPIO_Label
PB5.GPIO_Label=OLED_SCL
PB5.GPIO_Speed=GPIO_SPEED_FREQ_MEDIUM
PB5.Locked=true
PB5.Signal=GPIO_Output
PB6.GPIOParameters=GPIO_Label
PB6.GPIO_Label=encoder_C
PB6.Signal=S_TIM4_CH1
PB7.GPIOParameters=GPIO_Label
PB7.GPIO_Label=encoder_D
PB7.Signal=S_TIM4_CH2
PB8.GPIOParameters=GPIO_Speed,PinState,GPIO_Label
PB8.GPIO_Label=IIC_SCL
PB8.GPIO_Speed=GPIO_SPEED_FREQ_HIGH
PB8.Locked=true
PB8.PinState=GPIO_PIN_SET
PB8.Signal=GPIO_Output
PB9.GPIOParameters=GPIO_Speed,PinState,GPIO_Label
PB9.GPIO_Label=IIC_SDA
PB9.GPIO_Speed=GPIO_SPEED_FREQ_HIGH
PB9.Locked=true
PB9.PinState=GPIO_PIN_SET
PB9.Signal=GPIO_Output
PD0-OSC_IN.Mode=HSE-External-Oscillator
PD0-OSC_IN.Signal=RCC_OSC_IN
PD1-OSC_OUT.Mode=HSE-External-Oscillator
PD1-OSC_OUT.Signal=RCC_OSC_OUT
PinOutPanel.RotationAngle=0
ProjectManager.AskForMigrate=true
ProjectManager.BackupPrevious=false
ProjectManager.CompilerOptimize=6
ProjectManager.ComputerToolchain=false
ProjectManager.CoupleFile=true
ProjectManager.CustomerFirmwarePackage=C\:\\Users\\86158\\STM32Cube\\Repository\\STM32Cube_FW_F1_V1.8.4
ProjectManager.DefaultFWLocation=false
ProjectManager.DeletePrevious=true
ProjectManager.DeviceId=STM32F103C8Tx
ProjectManager.FirmwarePackage=STM32Cube FW_F1 V1.8.5
ProjectManager.FreePins=false
ProjectManager.HalAssertFull=false
ProjectManager.HeapSize=0x200
ProjectManager.KeepUserCode=true
ProjectManager.LastFirmware=false
ProjectManager.LibraryCopy=0
ProjectManager.MainLocation=Core/Src
ProjectManager.NoMain=false
ProjectManager.PreviousToolchain=
ProjectManager.ProjectBuild=false
ProjectManager.ProjectFileName=BalanceCar.ioc
ProjectManager.ProjectName=BalanceCar
ProjectManager.RegisterCallBack=
ProjectManager.StackSize=0x400
ProjectManager.TargetToolchain=MDK-ARM V5.32
ProjectManager.ToolChainLocation=BalanceCar
ProjectManager.UnderRoot=false
ProjectManager.functionlistsort=1-MX_GPIO_Init-GPIO-false-HAL-false,2-SystemClock_Config-RCC-false-HAL-false,3-MX_USART1_UART_Init-USART1-false-HAL-true,4-MX_USART3_UART_Init-USART3-false-HAL-true,5-MX_TIM3_Init-TIM3-false-HAL-true,6-MX_TIM1_Init-TIM1-false-HAL-true,7-MX_TIM2_Init-TIM2-false-HAL-true,8-MX_TIM4_Init-TIM4-false-HAL-true,9-MX_ADC1_Init-ADC1-false-HAL-true
RCC.ADCFreqValue=12000000
RCC.ADCPresc=RCC_ADCPCLK2_DIV6
RCC.AHBFreq_Value=72000000
RCC.APB1CLKDivider=RCC_HCLK_DIV2
RCC.APB1Freq_Value=36000000
RCC.APB1TimFreq_Value=72000000
RCC.APB2Freq_Value=72000000
RCC.APB2TimFreq_Value=72000000
RCC.FCLKCortexFreq_Value=72000000
RCC.FamilyName=M
RCC.HCLKFreq_Value=72000000
RCC.IPParameters=ADCFreqValue,ADCPresc,AHBFreq_Value,APB1CLKDivider,APB1Freq_Value,APB1TimFreq_Value,APB2Freq_Value,APB2TimFreq_Value,FCLKCortexFreq_Value,FamilyName,HCLKFreq_Value,MCOFreq_Value,PLLCLKFreq_Value,PLLMCOFreq_Value,PLLMUL,PLLSourceVirtual,SYSCLKFreq_VALUE,SYSCLKSource,TimSysFreq_Value,TimSys_Div,USBFreq_Value,VCOOutput2Freq_Value
RCC.MCOFreq_Value=72000000
RCC.PLLCLKFreq_Value=72000000
RCC.PLLMCOFreq_Value=36000000
RCC.PLLMUL=RCC_PLL_MUL9
RCC.PLLSourceVirtual=RCC_PLLSOURCE_HSE
RCC.SYSCLKFreq_VALUE=72000000
RCC.SYSCLKSource=RCC_SYSCLKSOURCE_PLLCLK
RCC.TimSysFreq_Value=9000000
RCC.TimSys_Div=SYSTICK_CLKSOURCE_HCLK_DIV8
RCC.USBFreq_Value=72000000
RCC.VCOOutput2Freq_Value=8000000
SH.ADCx_IN6.0=ADC1_IN6,IN6
SH.ADCx_IN6.ConfNb=1
SH.GPXTI12.0=GPIO_EXTI12
SH.GPXTI12.ConfNb=1
SH.S_TIM1_CH1.0=TIM1_CH1,PWM Generation1 CH1
SH.S_TIM1_CH1.ConfNb=1
SH.S_TIM1_CH4.0=TIM1_CH4,PWM Generation4 CH4
SH.S_TIM1_CH4.ConfNb=1
SH.S_TIM2_CH1_ETR.0=TIM2_CH1,Encoder_Interface
SH.S_TIM2_CH1_ETR.ConfNb=1
SH.S_TIM2_CH2.0=TIM2_CH2,Encoder_Interface
SH.S_TIM2_CH2.ConfNb=1
SH.S_TIM3_CH3.0=TIM3_CH3,Input_Capture3_from_TI3
SH.S_TIM3_CH3.ConfNb=1
SH.S_TIM4_CH1.0=TIM4_CH1,Encoder_Interface
SH.S_TIM4_CH1.ConfNb=1
SH.S_TIM4_CH2.0=TIM4_CH2,Encoder_Interface
SH.S_TIM4_CH2.ConfNb=1
TIM1.AutoReloadPreload=TIM_AUTORELOAD_PRELOAD_ENABLE
TIM1.Channel-PWM\ Generation1\ CH1=TIM_CHANNEL_1
TIM1.Channel-PWM\ Generation4\ CH4=TIM_CHANNEL_4
TIM1.IPParameters=Channel-PWM Generation1 CH1,Channel-PWM Generation4 CH4,Period,AutoReloadPreload
TIM1.Period=7199
TIM2.EncoderMode=TIM_ENCODERMODE_TI12
TIM2.IC1Filter=10
TIM2.IC2Filter=10
TIM2.IPParameters=EncoderMode,IC1Filter,IC2Filter
TIM3.AutoReloadPreload=TIM_AUTORELOAD_PRELOAD_ENABLE
TIM3.Channel-Input_Capture3_from_TI3=TIM_CHANNEL_3
TIM3.IPParameters=Channel-Input_Capture3_from_TI3,Prescaler,AutoReloadPreload
TIM3.Prescaler=72-1
TIM4.EncoderMode=TIM_ENCODERMODE_TI12
TIM4.IC1Filter=10
TIM4.IC2Filter=10
TIM4.IPParameters=EncoderMode,IC1Filter,IC2Filter
USART1.IPParameters=VirtualMode
USART1.VirtualMode=VM_ASYNC
USART3.BaudRate=9600
USART3.IPParameters=VirtualMode,BaudRate
USART3.VirtualMode=VM_ASYNC
VP_SYS_VS_Systick.Mode=SysTick
VP_SYS_VS_Systick.Signal=SYS_VS_Systick
VP_TIM1_VS_ClockSourceINT.Mode=Internal
VP_TIM1_VS_ClockSourceINT.Signal=TIM1_VS_ClockSourceINT
VP_TIM3_VS_ClockSourceINT.Mode=Internal
VP_TIM3_VS_ClockSourceINT.Signal=TIM3_VS_ClockSourceINT
board=custom
